
Microsoft Visual Studio Solution File, Format Version 12.00
# Visual Studio Version 17
VisualStudioVersion = 17.4.33213.308
MinimumVisualStudioVersion = 10.0.40219.1
Project("{FAE04EC0-301F-11D3-BF4B-00C04F79EFBC}") = "ReportsApplication3", "ReportsApplication3\ReportsApplication3.csproj", "{5AAA1DD4-F796-48B7-B023-6B36F955614B}"
EndProject
Global
	GlobalSection(SolutionConfigurationPlatforms) = preSolution
		Debug|Any CPU = Debug|Any CPU
		Release|Any CPU = Release|Any CPU
	EndGlobalSection
	GlobalSection(ProjectConfigurationPlatforms) = postSolution
		{5AAA1DD4-F796-48B7-B023-6B36F955614B}.Debug|Any CPU.ActiveCfg = Debug|Any CPU
		{5AAA1DD4-F796-48B7-B023-6B36F955614B}.Debug|Any CPU.Build.0 = Debug|Any CPU
		{5AAA1DD4-F796-48B7-B023-6B36F955614B}.Release|Any CPU.ActiveCfg = Release|Any CPU
		{5AAA1DD4-F796-48B7-B023-6B36F955614B}.Release|Any CPU.Build.0 = Release|Any CPU
	EndGlobalSection
	GlobalSection(SolutionProperties) = preSolution
		HideSolutionNode = FALSE
	EndGlobalSection
	GlobalSection(ExtensibilityGlobals) = postSolution
		SolutionGuid = {36D98502-247A-4293-A8D0-83918108301F}
	EndGlobalSection
EndGlobal
